// !$*UTF8*$!
{
	archiveVersion = 1;
	classes = {
	};
	objectVersion = 46;
	objects = {

/* Begin PBXBuildFile section */
		1D3623260D0F684500981E51 /* ChessAppDelegate.m in Sources */ = {isa = PBXBuildFile; fileRef = 1D3623250D0F684500981E51 /* ChessAppDelegate.m */; };
		1D60589B0D05DD56006BFB54 /* main.m in Sources */ = {isa = PBXBuildFile; fileRef = 29B97316FDCFA39411CA2CEA /* main.m */; };
		1D60589F0D05DD5A006BFB54 /* Foundation.framework in Frameworks */ = {isa = PBXBuildFile; fileRef = 1D30AB110D05D00D00671497 /* Foundation.framework */; };
		1DF5F4E00D08C38300B7A737 /* UIKit.framework in Frameworks */ = {isa = PBXBuildFile; fileRef = 1DF5F4DF0D08C38300B7A737 /* UIKit.framework */; };
		288765A50DF7441C002DB57D /* CoreGraphics.framework in Frameworks */ = {isa = PBXBuildFile; fileRef = 288765A40DF7441C002DB57D /* CoreGraphics.framework */; };
		2899E5220DE3E06400AC0155 /* ChessViewController.xib in Resources */ = {isa = PBXBuildFile; fileRef = 2899E5210DE3E06400AC0155 /* ChessViewController.xib */; };
		28AD733F0D9D9553002E5188 /* MainWindow.xib in Resources */ = {isa = PBXBuildFile; fileRef = 28AD733E0D9D9553002E5188 /* MainWindow.xib */; };
		28D7ACF80DDB3853001CB0EB /* ChessViewController.m in Sources */ = {isa = PBXBuildFile; fileRef = 28D7ACF70DDB3853001CB0EB /* ChessViewController.m */; };
		7C34BC3B14A0D57E00DBB7A8 /* Paul.png in Resources */ = {isa = PBXBuildFile; fileRef = 7C34BC3A14A0D57E00DBB7A8 /* Paul.png */; };
		7C34BC4014A0D5F800DBB7A8 /* Paul2.png in Resources */ = {isa = PBXBuildFile; fileRef = 7C34BC3F14A0D5F800DBB7A8 /* Paul2.png */; };
		7CCC283B1491E933001F73CC /* WhiteQueen.png in Resources */ = {isa = PBXBuildFile; fileRef = 7CCC28351491E933001F73CC /* WhiteQueen.png */; };
		7CCC283C1491E933001F73CC /* WhiteKing.png in Resources */ = {isa = PBXBuildFile; fileRef = 7CCC28361491E933001F73CC /* WhiteKing.png */; };
		7CCC283D1491E933001F73CC /* WhiteRook.png in Resources */ = {isa = PBXBuildFile; fileRef = 7CCC28371491E933001F73CC /* WhiteRook.png */; };
		7CCC283E1491E933001F73CC /* WhiteBishop.png in Resources */ = {isa = PBXBuildFile; fileRef = 7CCC28381491E933001F73CC /* WhiteBishop.png */; };
		7CCC283F1491E933001F73CC /* WhiteKnight.png in Resources */ = {isa = PBXBuildFile; fileRef = 7CCC28391491E933001F73CC /* WhiteKnight.png */; };
		7CCC28401491E933001F73CC /* WhitePawn.png in Resources */ = {isa = PBXBuildFile; fileRef = 7CCC283A1491E933001F73CC /* WhitePawn.png */; };
		7CCC28611491EC17001F73CC /* BlackKing.png in Resources */ = {isa = PBXBuildFile; fileRef = 7CCC285B1491EC17001F73CC /* BlackKing.png */; };
		7CCC28621491EC17001F73CC /* BlackQueen.png in Resources */ = {isa = PBXBuildFile; fileRef = 7CCC285C1491EC17001F73CC /* BlackQueen.png */; };
		7CCC28631491EC17001F73CC /* BlackRook.png in Resources */ = {isa = PBXBuildFile; fileRef = 7CCC285D1491EC17001F73CC /* BlackRook.png */; };
		7CCC28641491EC17001F73CC /* BlackBishop.png in Resources */ = {isa = PBXBuildFile; fileRef = 7CCC285E1491EC17001F73CC /* BlackBishop.png */; };
		7CCC28651491EC17001F73CC /* BlackKnight.png in Resources */ = {isa = PBXBuildFile; fileRef = 7CCC285F1491EC17001F73CC /* BlackKnight.png */; };
		7CCC28661491EC17001F73CC /* BlackPawn.png in Resources */ = {isa = PBXBuildFile; fileRef = 7CCC28601491EC17001F73CC /* BlackPawn.png */; };
/* End PBXBuildFile section */

/* Begin PBXFileReference section */
		1D30AB110D05D00D00671497 /* Foundation.framework */ = {isa = PBXFileReference; lastKnownFileType = wrapper.framework; name = Foundation.framework; path = System/Library/Frameworks/Foundation.framework; sourceTree = SDKROOT; };
		1D3623240D0F684500981E51 /* ChessAppDelegate.h */ = {isa = PBXFileReference; fileEncoding = 4; lastKnownFileType = sourcecode.c.h; path = ChessAppDelegate.h; sourceTree = "<group>"; };
		1D3623250D0F684500981E51 /* ChessAppDelegate.m */ = {isa = PBXFileReference; fileEncoding = 4; lastKnownFileType = sourcecode.c.objc; path = ChessAppDelegate.m; sourceTree = "<group>"; };
		1D6058910D05DD3D006BFB54 /* Chess.app */ = {isa = PBXFileReference; explicitFileType = wrapper.application; includeInIndex = 0; path = Chess.app; sourceTree = BUILT_PRODUCTS_DIR; };
		1DF5F4DF0D08C38300B7A737 /* UIKit.framework */ = {isa = PBXFileReference; lastKnownFileType = wrapper.framework; name = UIKit.framework; path = System/Library/Frameworks/UIKit.framework; sourceTree = SDKROOT; };
		288765A40DF7441C002DB57D /* CoreGraphics.framework */ = {isa = PBXFileReference; lastKnownFileType = wrapper.framework; name = CoreGraphics.framework; path = System/Library/Frameworks/CoreGraphics.framework; sourceTree = SDKROOT; };
		2899E5210DE3E06400AC0155 /* ChessViewController.xib */ = {isa = PBXFileReference; lastKnownFileType = file.xib; path = ChessViewController.xib; sourceTree = "<group>"; };
		28AD733E0D9D9553002E5188 /* MainWindow.xib */ = {isa = PBXFileReference; lastKnownFileType = file.xib; path = MainWindow.xib; sourceTree = "<group>"; };
		28D7ACF60DDB3853001CB0EB /* ChessViewController.h */ = {isa = PBXFileReference; fileEncoding = 4; lastKnownFileType = sourcecode.c.h; path = ChessViewController.h; sourceTree = "<group>"; };
		28D7ACF70DDB3853001CB0EB /* ChessViewController.m */ = {isa = PBXFileReference; fileEncoding = 4; lastKnownFileType = sourcecode.c.objc; path = ChessViewController.m; sourceTree = "<group>"; };
		29B97316FDCFA39411CA2CEA /* main.m */ = {isa = PBXFileReference; fileEncoding = 4; lastKnownFileType = sourcecode.c.objc; path = main.m; sourceTree = "<group>"; };
		32CA4F630368D1EE00C91783 /* Chess_Prefix.pch */ = {isa = PBXFileReference; fileEncoding = 4; lastKnownFileType = sourcecode.c.h; path = Chess_Prefix.pch; sourceTree = "<group>"; };
		7C34BC3A14A0D57E00DBB7A8 /* Paul.png */ = {isa = PBXFileReference; lastKnownFileType = image.png; path = Paul.png; sourceTree = "<group>"; };
		7C34BC3F14A0D5F800DBB7A8 /* Paul2.png */ = {isa = PBXFileReference; lastKnownFileType = image.png; path = Paul2.png; sourceTree = "<group>"; };
		7CCC28351491E933001F73CC /* WhiteQueen.png */ = {isa = PBXFileReference; lastKnownFileType = image.png; path = WhiteQueen.png; sourceTree = "<group>"; };
		7CCC28361491E933001F73CC /* WhiteKing.png */ = {isa = PBXFileReference; lastKnownFileType = image.png; path = WhiteKing.png; sourceTree = "<group>"; };
		7CCC28371491E933001F73CC /* WhiteRook.png */ = {isa = PBXFileReference; lastKnownFileType = image.png; path = WhiteRook.png; sourceTree = "<group>"; };
		7CCC28381491E933001F73CC /* WhiteBishop.png */ = {isa = PBXFileReference; lastKnownFileType = image.png; path = WhiteBishop.png; sourceTree = "<group>"; };
		7CCC28391491E933001F73CC /* WhiteKnight.png */ = {isa = PBXFileReference; lastKnownFileType = image.png; path = WhiteKnight.png; sourceTree = "<group>"; };
		7CCC283A1491E933001F73CC /* WhitePawn.png */ = {isa = PBXFileReference; lastKnownFileType = image.png; path = WhitePawn.png; sourceTree = "<group>"; };
		7CCC285B1491EC17001F73CC /* BlackKing.png */ = {isa = PBXFileReference; lastKnownFileType = image.png; path = BlackKing.png; sourceTree = "<group>"; };
		7CCC285C1491EC17001F73CC /* BlackQueen.png */ = {isa = PBXFileReference; lastKnownFileType = image.png; path = BlackQueen.png; sourceTree = "<group>"; };
		7CCC285D1491EC17001F73CC /* BlackRook.png */ = {isa = PBXFileReference; lastKnownFileType = image.png; path = BlackRook.png; sourceTree = "<group>"; };
		7CCC285E1491EC17001F73CC /* BlackBishop.png */ = {isa = PBXFileReference; lastKnownFileType = image.png; path = BlackBishop.png; sourceTree = "<group>"; };
		7CCC285F1491EC17001F73CC /* BlackKnight.png */ = {isa = PBXFileReference; lastKnownFileType = image.png; path = BlackKnight.png; sourceTree = "<group>"; };
		7CCC28601491EC17001F73CC /* BlackPawn.png */ = {isa = PBXFileReference; lastKnownFileType = image.png; path = BlackPawn.png; sourceTree = "<group>"; };
		8D1107310486CEB800E47090 /* Chess-Info.plist */ = {isa = PBXFileReference; fileEncoding = 4; lastKnownFileType = text.plist.xml; path = "Chess-Info.plist"; plistStructureDefinitionIdentifier = "com.apple.xcode.plist.structure-definition.iphone.info-plist"; sourceTree = "<group>"; };
/* End PBXFileReference section */

/* Begin PBXFrameworksBuildPhase section */
		1D60588F0D05DD3D006BFB54 /* Frameworks */ = {
			isa = PBXFrameworksBuildPhase;
			buildActionMask = 2147483647;
			files = (
				1D60589F0D05DD5A006BFB54 /* Foundation.framework in Frameworks */,
				1DF5F4E00D08C38300B7A737 /* UIKit.framework in Frameworks */,
				288765A50DF7441C002DB57D /* CoreGraphics.framework in Frameworks */,
			);
			runOnlyForDeploymentPostprocessing = 0;
		};
/* End PBXFrameworksBuildPhase section */

/* Begin PBXGroup section */
		080E96DDFE201D6D7F000001 /* Classes */ = {
			isa = PBXGroup;
			children = (
				1D3623240D0F684500981E51 /* ChessAppDelegate.h */,
				1D3623250D0F684500981E51 /* ChessAppDelegate.m */,
				28D7ACF60DDB3853001CB0EB /* ChessViewController.h */,
				28D7ACF70DDB3853001CB0EB /* ChessViewController.m */,
			);
			path = Classes;
			sourceTree = "<group>";
		};
		19C28FACFE9D520D11CA2CBB /* Products */ = {
			isa = PBXGroup;
			children = (
				1D6058910D05DD3D006BFB54 /* Chess.app */,
			);
			name = Products;
			sourceTree = "<group>";
		};
		29B97314FDCFA39411CA2CEA /* CustomTemplate */ = {
			isa = PBXGroup;
			children = (
				7CCC28291491E6ED001F73CC /* Images */,
				080E96DDFE201D6D7F000001 /* Classes */,
				29B97315FDCFA39411CA2CEA /* Other Sources */,
				29B97317FDCFA39411CA2CEA /* Resources */,
				29B97323FDCFA39411CA2CEA /* Frameworks */,
				19C28FACFE9D520D11CA2CBB /* Products */,
			);
			name = CustomTemplate;
			sourceTree = "<group>";
		};
		29B97315FDCFA39411CA2CEA /* Other Sources */ = {
			isa = PBXGroup;
			children = (
				32CA4F630368D1EE00C91783 /* Chess_Prefix.pch */,
				29B97316FDCFA39411CA2CEA /* main.m */,
			);
			name = "Other Sources";
			sourceTree = "<group>";
		};
		29B97317FDCFA39411CA2CEA /* Resources */ = {
			isa = PBXGroup;
			children = (
				2899E5210DE3E06400AC0155 /* ChessViewController.xib */,
				28AD733E0D9D9553002E5188 /* MainWindow.xib */,
				8D1107310486CEB800E47090 /* Chess-Info.plist */,
			);
			name = Resources;
			sourceTree = "<group>";
		};
		29B97323FDCFA39411CA2CEA /* Frameworks */ = {
			isa = PBXGroup;
			children = (
				1DF5F4DF0D08C38300B7A737 /* UIKit.framework */,
				1D30AB110D05D00D00671497 /* Foundation.framework */,
				288765A40DF7441C002DB57D /* CoreGraphics.framework */,
			);
			name = Frameworks;
			sourceTree = "<group>";
		};
		7CCC28291491E6ED001F73CC /* Images */ = {
			isa = PBXGroup;
			children = (
				7C34BC3F14A0D5F800DBB7A8 /* Paul2.png */,
				7C34BC3A14A0D57E00DBB7A8 /* Paul.png */,
				7CCC285B1491EC17001F73CC /* BlackKing.png */,
				7CCC285C1491EC17001F73CC /* BlackQueen.png */,
				7CCC285D1491EC17001F73CC /* BlackRook.png */,
				7CCC285E1491EC17001F73CC /* BlackBishop.png */,
				7CCC285F1491EC17001F73CC /* BlackKnight.png */,
				7CCC28601491EC17001F73CC /* BlackPawn.png */,
				7CCC28351491E933001F73CC /* WhiteQueen.png */,
				7CCC28361491E933001F73CC /* WhiteKing.png */,
				7CCC28371491E933001F73CC /* WhiteRook.png */,
				7CCC28381491E933001F73CC /* WhiteBishop.png */,
				7CCC28391491E933001F73CC /* WhiteKnight.png */,
				7CCC283A1491E933001F73CC /* WhitePawn.png */,
			);
			path = Images;
			sourceTree = "<group>";
		};
/* End PBXGroup section */

/* Begin PBXNativeTarget section */
		1D6058900D05DD3D006BFB54 /* Chess */ = {
			isa = PBXNativeTarget;
			buildConfigurationList = 1D6058960D05DD3E006BFB54 /* Build configuration list for PBXNativeTarget "Chess" */;
			buildPhases = (
				1D60588D0D05DD3D006BFB54 /* Resources */,
				1D60588E0D05DD3D006BFB54 /* Sources */,
				1D60588F0D05DD3D006BFB54 /* Frameworks */,
			);
			buildRules = (
			);
			dependencies = (
			);
			name = Chess;
			productName = Chess;
			productReference = 1D6058910D05DD3D006BFB54 /* Chess.app */;
			productType = "com.apple.product-type.application";
		};
/* End PBXNativeTarget section */

/* Begin PBXProject section */
		29B97313FDCFA39411CA2CEA /* Project object */ = {
			isa = PBXProject;
			attributes = {
				LastUpgradeCheck = 0420;
			};
			buildConfigurationList = C01FCF4E08A954540054247B /* Build configuration list for PBXProject "Chess" */;
			compatibilityVersion = "Xcode 3.2";
			developmentRegion = English;
			hasScannedForEncodings = 1;
			knownRegions = (
				en,
			);
			mainGroup = 29B97314FDCFA39411CA2CEA /* CustomTemplate */;
			projectDirPath = "";
			projectRoot = "";
			targets = (
				1D6058900D05DD3D006BFB54 /* Chess */,
			);
		};
/* End PBXProject section */

/* Begin PBXResourcesBuildPhase section */
		1D60588D0D05DD3D006BFB54 /* Resources */ = {
			isa = PBXResourcesBuildPhase;
			buildActionMask = 2147483647;
			files = (
				28AD733F0D9D9553002E5188 /* MainWindow.xib in Resources */,
				2899E5220DE3E06400AC0155 /* ChessViewController.xib in Resources */,
				7CCC283B1491E933001F73CC /* WhiteQueen.png in Resources */,
				7CCC283C1491E933001F73CC /* WhiteKing.png in Resources */,
				7CCC283D1491E933001F73CC /* WhiteRook.png in Resources */,
				7CCC283E1491E933001F73CC /* WhiteBishop.png in Resources */,
				7CCC283F1491E933001F73CC /* WhiteKnight.png in Resources */,
				7CCC28401491E933001F73CC /* WhitePawn.png in Resources */,
				7CCC28611491EC17001F73CC /* BlackKing.png in Resources */,
				7CCC28621491EC17001F73CC /* BlackQueen.png in Resources */,
				7CCC28631491EC17001F73CC /* BlackRook.png in Resources */,
				7CCC28641491EC17001F73CC /* BlackBishop.png in Resources */,
				7CCC28651491EC17001F73CC /* BlackKnight.png in Resources */,
				7CCC28661491EC17001F73CC /* BlackPawn.png in Resources */,
				7C34BC3B14A0D57E00DBB7A8 /* Paul.png in Resources */,
				7C34BC4014A0D5F800DBB7A8 /* Paul2.png in Resources */,
			);
			runOnlyForDeploymentPostprocessing = 0;
		};
/* End PBXResourcesBuildPhase section */

/* Begin PBXSourcesBuildPhase section */
		1D60588E0D05DD3D006BFB54 /* Sources */ = {
			isa = PBXSourcesBuildPhase;
			buildActionMask = 2147483647;
			files = (
				1D60589B0D05DD56006BFB54 /* main.m in Sources */,
				1D3623260D0F684500981E51 /* ChessAppDelegate.m in Sources */,
				28D7ACF80DDB3853001CB0EB /* ChessViewController.m in Sources */,
			);
			runOnlyForDeploymentPostprocessing = 0;
		};
/* End PBXSourcesBuildPhase section */

/* Begin XCBuildConfiguration section */
		1D6058940D05DD3E006BFB54 /* Debug */ = {
			isa = XCBuildConfiguration;
			buildSettings = {
				ALWAYS_SEARCH_USER_PATHS = NO;
				COPY_PHASE_STRIP = NO;
				GCC_DYNAMIC_NO_PIC = NO;
				GCC_OPTIMIZATION_LEVEL = 0;
				GCC_PRECOMPILE_PREFIX_HEADER = YES;
				GCC_PREFIX_HEADER = Chess_Prefix.pch;
				INFOPLIST_FILE = "Chess-Info.plist";
				PRODUCT_NAME = Chess;
			};
			name = Debug;
		};
		1D6058950D05DD3E006BFB54 /* Release */ = {
			isa = XCBuildConfiguration;
			buildSettings = {
				ALWAYS_SEARCH_USER_PATHS = NO;
				COPY_PHASE_STRIP = YES;
				GCC_PRECOMPILE_PREFIX_HEADER = YES;
				GCC_PREFIX_HEADER = Chess_Prefix.pch;
				INFOPLIST_FILE = "Chess-Info.plist";
				PRODUCT_NAME = Chess;
				VALIDATE_PRODUCT = YES;
			};
			name = Release;
		};
		C01FCF4F08A954540054247B /* Debug */ = {
			isa = XCBuildConfiguration;
			buildSettings = {
				ARCHS = "$(ARCHS_STANDARD_32_BIT)";
				"CODE_SIGN_IDENTITY[sdk=iphoneos*]" = "iPhone Developer";
				GCC_C_LANGUAGE_STANDARD = c99;
				GCC_WARN_ABOUT_RETURN_TYPE = YES;
				GCC_WARN_UNUSED_VARIABLE = YES;
				SDKROOT = iphoneos;
			};
			name = Debug;
		};
		C01FCF5008A954540054247B /* Release */ = {
			isa = XCBuildConfiguration;
			buildSettings = {
				ARCHS = "$(ARCHS_STANDARD_32_BIT)";
				"CODE_SIGN_IDENTITY[sdk=iphoneos*]" = "iPhone Developer";
				GCC_C_LANGUAGE_STANDARD = c99;
				GCC_WARN_ABOUT_RETURN_TYPE = YES;
				GCC_WARN_UNUSED_VARIABLE = YES;
				OTHER_CFLAGS = "-DNS_BLOCK_ASSERTIONS=1";
				SDKROOT = iphoneos;
			};
			name = Release;
		};
/* End XCBuildConfiguration section */

/* Begin XCConfigurationList section */
		1D6058960D05DD3E006BFB54 /* Build configuration list for PBXNativeTarget "Chess" */ = {
			isa = XCConfigurationList;
			buildConfigurations = (
				1D6058940D05DD3E006BFB54 /* Debug */,
				1D6058950D05DD3E006BFB54 /* Release */,
			);
			defaultConfigurationIsVisible = 0;
			defaultConfigurationName = Release;
		};
		C01FCF4E08A954540054247B /* Build configuration list for PBXProject "Chess" */ = {
			isa = XCConfigurationList;
			buildConfigurations = (
				C01FCF4F08A954540054247B /* Debug */,
				C01FCF5008A954540054247B /* Release */,
			);
			defaultConfigurationIsVisible = 0;
			defaultConfigurationName = Release;
		};
/* End XCConfigurationList section */
	};
	rootObject = 29B97313FDCFA39411CA2CEA /* Project object */;
}
